
Microsoft Visual Studio Solution File, Format Version 12.00
# Visual Studio 15
Project("{FAE04EC0-301F-11D3-BF4B-00C04F79EFBC}") = "Assembly-CSharp", "Assembly-CSharp.csproj", "{BCB93230-A967-D57E-73E5-1920054D7499}"
EndProject
Project("{FAE04EC0-301F-11D3-BF4B-00C04F79EFBC}") = "Assembly-CSharp-Editor", "Assembly-CSharp-Editor.csproj", "{7284D7C1-70CC-7FCD-7B8E-CB82F66C0309}"
EndProject
Global
	GlobalSection(SolutionConfigurationPlatforms) = preSolution
		Debug|Any CPU = Debug|Any CPU
		Release|Any CPU = Release|Any CPU
	EndGlobalSection
	GlobalSection(ProjectConfigurationPlatforms) = postSolution
		{BCB93230-A967-D57E-73E5-1920054D7499}.Debug|Any CPU.ActiveCfg = Debug|Any CPU
		{BCB93230-A967-D57E-73E5-1920054D7499}.Debug|Any CPU.Build.0 = Debug|Any CPU
		{BCB93230-A967-D57E-73E5-1920054D7499}.Release|Any CPU.ActiveCfg = Release|Any CPU
		{BCB93230-A967-D57E-73E5-1920054D7499}.Release|Any CPU.Build.0 = Release|Any CPU
		{7284D7C1-70CC-7FCD-7B8E-CB82F66C0309}.Debug|Any CPU.ActiveCfg = Debug|Any CPU
		{7284D7C1-70CC-7FCD-7B8E-CB82F66C0309}.Debug|Any CPU.Build.0 = Debug|Any CPU
		{7284D7C1-70CC-7FCD-7B8E-CB82F66C0309}.Release|Any CPU.ActiveCfg = Release|Any CPU
		{7284D7C1-70CC-7FCD-7B8E-CB82F66C0309}.Release|Any CPU.Build.0 = Release|Any CPU
	EndGlobalSection
	GlobalSection(SolutionProperties) = preSolution
		HideSolutionNode = FALSE
	EndGlobalSection
EndGlobal
